
Microsoft Visual Studio Solution File, Format Version 12.00
# Visual Studio Version 16
VisualStudioVersion = 16.0.31515.178
MinimumVisualStudioVersion = 10.0.40219.1
Project("{FAE04EC0-301F-11D3-BF4B-00C04F79EFBC}") = "Week5XamarinApp.Android", "Week5XamarinApp\Week5XamarinApp.Android\Week5XamarinApp.Android.csproj", "{AC949130-0FB4-4F9F-807C-FA142322B399}"
EndProject
Project("{FAE04EC0-301F-11D3-BF4B-00C04F79EFBC}") = "Week5XamarinApp", "Week5XamarinApp\Week5XamarinApp\Week5XamarinApp.csproj", "{D20C3622-D1DD-42EF-B0A3-B5F608EC96E4}"
EndProject
Global
	GlobalSection(SolutionConfigurationPlatforms) = preSolution
		Debug|Any CPU = Debug|Any CPU
		Release|Any CPU = Release|Any CPU
	EndGlobalSection
	GlobalSection(ProjectConfigurationPlatforms) = postSolution
		{AC949130-0FB4-4F9F-807C-FA142322B399}.Debug|Any CPU.ActiveCfg = Debug|Any CPU
		{AC949130-0FB4-4F9F-807C-FA142322B399}.Debug|Any CPU.Build.0 = Debug|Any CPU
		{AC949130-0FB4-4F9F-807C-FA142322B399}.Debug|Any CPU.Deploy.0 = Debug|Any CPU
		{AC949130-0FB4-4F9F-807C-FA142322B399}.Release|Any CPU.ActiveCfg = Release|Any CPU
		{AC949130-0FB4-4F9F-807C-FA142322B399}.Release|Any CPU.Build.0 = Release|Any CPU
		{AC949130-0FB4-4F9F-807C-FA142322B399}.Release|Any CPU.Deploy.0 = Release|Any CPU
		{D20C3622-D1DD-42EF-B0A3-B5F608EC96E4}.Debug|Any CPU.ActiveCfg = Debug|Any CPU
		{D20C3622-D1DD-42EF-B0A3-B5F608EC96E4}.Debug|Any CPU.Build.0 = Debug|Any CPU
		{D20C3622-D1DD-42EF-B0A3-B5F608EC96E4}.Debug|Any CPU.Deploy.0 = Debug|Any CPU
		{D20C3622-D1DD-42EF-B0A3-B5F608EC96E4}.Release|Any CPU.ActiveCfg = Release|Any CPU
		{D20C3622-D1DD-42EF-B0A3-B5F608EC96E4}.Release|Any CPU.Build.0 = Release|Any CPU
		{D20C3622-D1DD-42EF-B0A3-B5F608EC96E4}.Release|Any CPU.Deploy.0 = Release|Any CPU
	EndGlobalSection
	GlobalSection(SolutionProperties) = preSolution
		HideSolutionNode = FALSE
	EndGlobalSection
	GlobalSection(ExtensibilityGlobals) = postSolution
		SolutionGuid = {F5981100-81F6-4248-A74B-A7229DD98920}
	EndGlobalSection
EndGlobal
